// !$*UTF8*$!
{
	archiveVersion = 1;
	classes = {
	};
	objectVersion = 50;
	objects = {

/* Begin PBXBuildFile section */
		114EC31A20C9ED3A00922F9A /* Impact_Hits_03.wav in Resources */ = {isa = PBXBuildFile; fileRef = 114EC31920C9ED3A00922F9A /* Impact_Hits_03.wav */; };
		114EC31C20C9F06400922F9A /* MyParticle.sks in Resources */ = {isa = PBXBuildFile; fileRef = 114EC31B20C9F06400922F9A /* MyParticle.sks */; };
		11D3E80320C8ACFC00B01CD4 /* AppDelegate.swift in Sources */ = {isa = PBXBuildFile; fileRef = 11D3E80220C8ACFC00B01CD4 /* AppDelegate.swift */; };
		11D3E80520C8ACFC00B01CD4 /* GameScene.sks in Resources */ = {isa = PBXBuildFile; fileRef = 11D3E80420C8ACFC00B01CD4 /* GameScene.sks */; };
		11D3E80720C8ACFC00B01CD4 /* Actions.sks in Resources */ = {isa = PBXBuildFile; fileRef = 11D3E80620C8ACFC00B01CD4 /* Actions.sks */; };
		11D3E80920C8ACFC00B01CD4 /* GameScene.swift in Sources */ = {isa = PBXBuildFile; fileRef = 11D3E80820C8ACFC00B01CD4 /* GameScene.swift */; };
		11D3E80B20C8ACFC00B01CD4 /* GameViewController.swift in Sources */ = {isa = PBXBuildFile; fileRef = 11D3E80A20C8ACFC00B01CD4 /* GameViewController.swift */; };
		11D3E80E20C8ACFC00B01CD4 /* Main.storyboard in Resources */ = {isa = PBXBuildFile; fileRef = 11D3E80C20C8ACFC00B01CD4 /* Main.storyboard */; };
		11D3E81020C8ACFD00B01CD4 /* Assets.xcassets in Resources */ = {isa = PBXBuildFile; fileRef = 11D3E80F20C8ACFD00B01CD4 /* Assets.xcassets */; };
		11D3E81320C8ACFD00B01CD4 /* LaunchScreen.storyboard in Resources */ = {isa = PBXBuildFile; fileRef = 11D3E81120C8ACFD00B01CD4 /* LaunchScreen.storyboard */; };
		11D3E81B20C8AD1D00B01CD4 /* babyrashmain.png in Resources */ = {isa = PBXBuildFile; fileRef = 11D3E81A20C8AD1D00B01CD4 /* babyrashmain.png */; };
/* End PBXBuildFile section */

/* Begin PBXFileReference section */
		114EC31920C9ED3A00922F9A /* Impact_Hits_03.wav */ = {isa = PBXFileReference; lastKnownFileType = audio.wav; name = Impact_Hits_03.wav; path = ../../Impact_Hits_03.wav; sourceTree = "<group>"; };
		114EC31B20C9F06400922F9A /* MyParticle.sks */ = {isa = PBXFileReference; lastKnownFileType = file.sks; path = MyParticle.sks; sourceTree = "<group>"; };
		11D3E7FF20C8ACFC00B01CD4 /* GameBaby.app */ = {isa = PBXFileReference; explicitFileType = wrapper.application; includeInIndex = 0; path = GameBaby.app; sourceTree = BUILT_PRODUCTS_DIR; };
		11D3E80220C8ACFC00B01CD4 /* AppDelegate.swift */ = {isa = PBXFileReference; lastKnownFileType = sourcecode.swift; path = AppDelegate.swift; sourceTree = "<group>"; };
		11D3E80420C8ACFC00B01CD4 /* GameScene.sks */ = {isa = PBXFileReference; lastKnownFileType = file.sks; path = GameScene.sks; sourceTree = "<group>"; };
		11D3E80620C8ACFC00B01CD4 /* Actions.sks */ = {isa = PBXFileReference; lastKnownFileType = file.sks; path = Actions.sks; sourceTree = "<group>"; };
		11D3E80820C8ACFC00B01CD4 /* GameScene.swift */ = {isa = PBXFileReference; lastKnownFileType = sourcecode.swift; path = GameScene.swift; sourceTree = "<group>"; };
		11D3E80A20C8ACFC00B01CD4 /* GameViewController.swift */ = {isa = PBXFileReference; lastKnownFileType = sourcecode.swift; path = GameViewController.swift; sourceTree = "<group>"; };
		11D3E80D20C8ACFC00B01CD4 /* Base */ = {isa = PBXFileReference; lastKnownFileType = file.storyboard; name = Base; path = Base.lproj/Main.storyboard; sourceTree = "<group>"; };
		11D3E80F20C8ACFD00B01CD4 /* Assets.xcassets */ = {isa = PBXFileReference; lastKnownFileType = folder.assetcatalog; path = Assets.xcassets; sourceTree = "<group>"; };
		11D3E81220C8ACFD00B01CD4 /* Base */ = {isa = PBXFileReference; lastKnownFileType = file.storyboard; name = Base; path = Base.lproj/LaunchScreen.storyboard; sourceTree = "<group>"; };
		11D3E81420C8ACFD00B01CD4 /* Info.plist */ = {isa = PBXFileReference; lastKnownFileType = text.plist.xml; path = Info.plist; sourceTree = "<group>"; };
		11D3E81A20C8AD1D00B01CD4 /* babyrashmain.png */ = {isa = PBXFileReference; lastKnownFileType = image.png; name = babyrashmain.png; path = ../../babyrashmain.png; sourceTree = "<group>"; };
/* End PBXFileReference section */

/* Begin PBXFrameworksBuildPhase section */
		11D3E7FC20C8ACFC00B01CD4 /* Frameworks */ = {
			isa = PBXFrameworksBuildPhase;
			buildActionMask = 2147483647;
			files = (
			);
			runOnlyForDeploymentPostprocessing = 0;
		};
/* End PBXFrameworksBuildPhase section */

/* Begin PBXGroup section */
		11D3E7F620C8ACFC00B01CD4 = {
			isa = PBXGroup;
			children = (
				11D3E80120C8ACFC00B01CD4 /* GameBaby */,
				11D3E80020C8ACFC00B01CD4 /* Products */,
			);
			sourceTree = "<group>";
		};
		11D3E80020C8ACFC00B01CD4 /* Products */ = {
			isa = PBXGroup;
			children = (
				11D3E7FF20C8ACFC00B01CD4 /* GameBaby.app */,
			);
			name = Products;
			sourceTree = "<group>";
		};
		11D3E80120C8ACFC00B01CD4 /* GameBaby */ = {
			isa = PBXGroup;
			children = (
				11D3E80220C8ACFC00B01CD4 /* AppDelegate.swift */,
				11D3E81A20C8AD1D00B01CD4 /* babyrashmain.png */,
				11D3E80420C8ACFC00B01CD4 /* GameScene.sks */,
				11D3E80620C8ACFC00B01CD4 /* Actions.sks */,
				11D3E80820C8ACFC00B01CD4 /* GameScene.swift */,
				114EC31B20C9F06400922F9A /* MyParticle.sks */,
				114EC31920C9ED3A00922F9A /* Impact_Hits_03.wav */,
				11D3E80A20C8ACFC00B01CD4 /* GameViewController.swift */,
				11D3E80C20C8ACFC00B01CD4 /* Main.storyboard */,
				11D3E80F20C8ACFD00B01CD4 /* Assets.xcassets */,
				11D3E81120C8ACFD00B01CD4 /* LaunchScreen.storyboard */,
				11D3E81420C8ACFD00B01CD4 /* Info.plist */,
			);
			path = GameBaby;
			sourceTree = "<group>";
		};
/* End PBXGroup section */

/* Begin PBXNativeTarget section */
		11D3E7FE20C8ACFC00B01CD4 /* GameBaby */ = {
			isa = PBXNativeTarget;
			buildConfigurationList = 11D3E81720C8ACFD00B01CD4 /* Build configuration list for PBXNativeTarget "GameBaby" */;
			buildPhases = (
				11D3E7FB20C8ACFC00B01CD4 /* Sources */,
				11D3E7FC20C8ACFC00B01CD4 /* Frameworks */,
				11D3E7FD20C8ACFC00B01CD4 /* Resources */,
			);
			buildRules = (
			);
			dependencies = (
			);
			name = GameBaby;
			productName = GameBaby;
			productReference = 11D3E7FF20C8ACFC00B01CD4 /* GameBaby.app */;
			productType = "com.apple.product-type.application";
		};
/* End PBXNativeTarget section */

/* Begin PBXProject section */
		11D3E7F720C8ACFC00B01CD4 /* Project object */ = {
			isa = PBXProject;
			attributes = {
				LastSwiftUpdateCheck = 0930;
				LastUpgradeCheck = 0930;
				ORGANIZATIONNAME = "Mohammad Mahjoub";
				TargetAttributes = {
					11D3E7FE20C8ACFC00B01CD4 = {
						CreatedOnToolsVersion = 9.3.1;
					};
				};
			};
			buildConfigurationList = 11D3E7FA20C8ACFC00B01CD4 /* Build configuration list for PBXProject "GameBaby" */;
			compatibilityVersion = "Xcode 9.3";
			developmentRegion = en;
			hasScannedForEncodings = 0;
			knownRegions = (
				en,
				Base,
			);
			mainGroup = 11D3E7F620C8ACFC00B01CD4;
			productRefGroup = 11D3E80020C8ACFC00B01CD4 /* Products */;
			projectDirPath = "";
			projectRoot = "";
			targets = (
				11D3E7FE20C8ACFC00B01CD4 /* GameBaby */,
			);
		};
/* End PBXProject section */

/* Begin PBXResourcesBuildPhase section */
		11D3E7FD20C8ACFC00B01CD4 /* Resources */ = {
			isa = PBXResourcesBuildPhase;
			buildActionMask = 2147483647;
			files = (
				11D3E80E20C8ACFC00B01CD4 /* Main.storyboard in Resources */,
				114EC31A20C9ED3A00922F9A /* Impact_Hits_03.wav in Resources */,
				11D3E80520C8ACFC00B01CD4 /* GameScene.sks in Resources */,
				11D3E81020C8ACFD00B01CD4 /* Assets.xcassets in Resources */,
				11D3E81320C8ACFD00B01CD4 /* LaunchScreen.storyboard in Resources */,
				11D3E81B20C8AD1D00B01CD4 /* babyrashmain.png in Resources */,
				11D3E80720C8ACFC00B01CD4 /* Actions.sks in Resources */,
				114EC31C20C9F06400922F9A /* MyParticle.sks in Resources */,
			);
			runOnlyForDeploymentPostprocessing = 0;
		};
/* End PBXResourcesBuildPhase section */

/* Begin PBXSourcesBuildPhase section */
		11D3E7FB20C8ACFC00B01CD4 /* Sources */ = {
			isa = PBXSourcesBuildPhase;
			buildActionMask = 2147483647;
			files = (
				11D3E80920C8ACFC00B01CD4 /* GameScene.swift in Sources */,
				11D3E80B20C8ACFC00B01CD4 /* GameViewController.swift in Sources */,
				11D3E80320C8ACFC00B01CD4 /* AppDelegate.swift in Sources */,
			);
			runOnlyForDeploymentPostprocessing = 0;
		};
/* End PBXSourcesBuildPhase section */

/* Begin PBXVariantGroup section */
		11D3E80C20C8ACFC00B01CD4 /* Main.storyboard */ = {
			isa = PBXVariantGroup;
			children = (
				11D3E80D20C8ACFC00B01CD4 /* Base */,
			);
			name = Main.storyboard;
			sourceTree = "<group>";
		};
		11D3E81120C8ACFD00B01CD4 /* LaunchScreen.storyboard */ = {
			isa = PBXVariantGroup;
			children = (
				11D3E81220C8ACFD00B01CD4 /* Base */,
			);
			name = LaunchScreen.storyboard;
			sourceTree = "<group>";
		};
/* End PBXVariantGroup section */

/* Begin XCBuildConfiguration section */
		11D3E81520C8ACFD00B01CD4 /* Debug */ = {
			isa = XCBuildConfiguration;
			buildSettings = {
				ALWAYS_SEARCH_USER_PATHS = NO;
				CLANG_ANALYZER_NONNULL = YES;
				CLANG_ANALYZER_NUMBER_OBJECT_CONVERSION = YES_AGGRESSIVE;
				CLANG_CXX_LANGUAGE_STANDARD = "gnu++14";
				CLANG_CXX_LIBRARY = "libc++";
				CLANG_ENABLE_MODULES = YES;
				CLANG_ENABLE_OBJC_ARC = YES;
				CLANG_ENABLE_OBJC_WEAK = YES;
				CLANG_WARN_BLOCK_CAPTURE_AUTORELEASING = YES;
				CLANG_WARN_BOOL_CONVERSION = YES;
				CLANG_WARN_COMMA = YES;
				CLANG_WARN_CONSTANT_CONVERSION = YES;
				CLANG_WARN_DEPRECATED_OBJC_IMPLEMENTATIONS = YES;
				CLANG_WARN_DIRECT_OBJC_ISA_USAGE = YES_ERROR;
				CLANG_WARN_DOCUMENTATION_COMMENTS = YES;
				CLANG_WARN_EMPTY_BODY = YES;
				CLANG_WARN_ENUM_CONVERSION = YES;
				CLANG_WARN_INFINITE_RECURSION = YES;
				CLANG_WARN_INT_CONVERSION = YES;
				CLANG_WARN_NON_LITERAL_NULL_CONVERSION = YES;
				CLANG_WARN_OBJC_IMPLICIT_RETAIN_SELF = YES;
				CLANG_WARN_OBJC_LITERAL_CONVERSION = YES;
				CLANG_WARN_OBJC_ROOT_CLASS = YES_ERROR;
				CLANG_WARN_RANGE_LOOP_ANALYSIS = YES;
				CLANG_WARN_STRICT_PROTOTYPES = YES;
				CLANG_WARN_SUSPICIOUS_MOVE = YES;
				CLANG_WARN_UNGUARDED_AVAILABILITY = YES_AGGRESSIVE;
				CLANG_WARN_UNREACHABLE_CODE = YES;
				CLANG_WARN__DUPLICATE_METHOD_MATCH = YES;
				CODE_SIGN_IDENTITY = "iPhone Developer";
				COPY_PHASE_STRIP = NO;
				DEBUG_INFORMATION_FORMAT = dwarf;
				ENABLE_STRICT_OBJC_MSGSEND = YES;
				ENABLE_TESTABILITY = YES;
				GCC_C_LANGUAGE_STANDARD = gnu11;
				GCC_DYNAMIC_NO_PIC = NO;
				GCC_NO_COMMON_BLOCKS = YES;
				GCC_OPTIMIZATION_LEVEL = 0;
				GCC_PREPROCESSOR_DEFINITIONS = (
					"DEBUG=1",
					"$(inherited)",
				);
				GCC_WARN_64_TO_32_BIT_CONVERSION = YES;
				GCC_WARN_ABOUT_RETURN_TYPE = YES_ERROR;
				GCC_WARN_UNDECLARED_SELECTOR = YES;
				GCC_WARN_UNINITIALIZED_AUTOS = YES_AGGRESSIVE;
				GCC_WARN_UNUSED_FUNCTION = YES;
				GCC_WARN_UNUSED_VARIABLE = YES;
				IPHONEOS_DEPLOYMENT_TARGET = 11.3;
				MTL_ENABLE_DEBUG_INFO = YES;
				ONLY_ACTIVE_ARCH = YES;
				SDKROOT = iphoneos;
				SWIFT_ACTIVE_COMPILATION_CONDITIONS = DEBUG;
				SWIFT_OPTIMIZATION_LEVEL = "-Onone";
			};
			name = Debug;
		};
		11D3E81620C8ACFD00B01CD4 /* Release */ = {
			isa = XCBuildConfiguration;
			buildSettings = {
				ALWAYS_SEARCH_USER_PATHS = NO;
				CLANG_ANALYZER_NONNULL = YES;
				CLANG_ANALYZER_NUMBER_OBJECT_CONVERSION = YES_AGGRESSIVE;
				CLANG_CXX_LANGUAGE_STANDARD = "gnu++14";
				CLANG_CXX_LIBRARY = "libc++";
				CLANG_ENABLE_MODULES = YES;
				CLANG_ENABLE_OBJC_ARC = YES;
				CLANG_ENABLE_OBJC_WEAK = YES;
				CLANG_WARN_BLOCK_CAPTURE_AUTORELEASING = YES;
				CLANG_WARN_BOOL_CONVERSION = YES;
				CLANG_WARN_COMMA = YES;
				CLANG_WARN_CONSTANT_CONVERSION = YES;
				CLANG_WARN_DEPRECATED_OBJC_IMPLEMENTATIONS = YES;
				CLANG_WARN_DIRECT_OBJC_ISA_USAGE = YES_ERROR;
				CLANG_WARN_DOCUMENTATION_COMMENTS = YES;
				CLANG_WARN_EMPTY_BODY = YES;
				CLANG_WARN_ENUM_CONVERSION = YES;
				CLANG_WARN_INFINITE_RECURSION = YES;
				CLANG_WARN_INT_CONVERSION = YES;
				CLANG_WARN_NON_LITERAL_NULL_CONVERSION = YES;
				CLANG_WARN_OBJC_IMPLICIT_RETAIN_SELF = YES;
				CLANG_WARN_OBJC_LITERAL_CONVERSION = YES;
				CLANG_WARN_OBJC_ROOT_CLASS = YES_ERROR;
				CLANG_WARN_RANGE_LOOP_ANALYSIS = YES;
				CLANG_WARN_STRICT_PROTOTYPES = YES;
				CLANG_WARN_SUSPICIOUS_MOVE = YES;
				CLANG_WARN_UNGUARDED_AVAILABILITY = YES_AGGRESSIVE;
				CLANG_WARN_UNREACHABLE_CODE = YES;
				CLANG_WARN__DUPLICATE_METHOD_MATCH = YES;
				CODE_SIGN_IDENTITY = "iPhone Developer";
				COPY_PHASE_STRIP = NO;
				DEBUG_INFORMATION_FORMAT = "dwarf-with-dsym";
				ENABLE_NS_ASSERTIONS = NO;
				ENABLE_STRICT_OBJC_MSGSEND = YES;
				GCC_C_LANGUAGE_STANDARD = gnu11;
				GCC_NO_COMMON_BLOCKS = YES;
				GCC_WARN_64_TO_32_BIT_CONVERSION = YES;
				GCC_WARN_ABOUT_RETURN_TYPE = YES_ERROR;
				GCC_WARN_UNDECLARED_SELECTOR = YES;
				GCC_WARN_UNINITIALIZED_AUTOS = YES_AGGRESSIVE;
				GCC_WARN_UNUSED_FUNCTION = YES;
				GCC_WARN_UNUSED_VARIABLE = YES;
				IPHONEOS_DEPLOYMENT_TARGET = 11.3;
				MTL_ENABLE_DEBUG_INFO = NO;
				SDKROOT = iphoneos;
				SWIFT_COMPILATION_MODE = wholemodule;
				SWIFT_OPTIMIZATION_LEVEL = "-O";
				VALIDATE_PRODUCT = YES;
			};
			name = Release;
		};
		11D3E81820C8ACFD00B01CD4 /* Debug */ = {
			isa = XCBuildConfiguration;
			buildSettings = {
				ASSETCATALOG_COMPILER_APPICON_NAME = AppIcon;
				CODE_SIGN_STYLE = Automatic;
				INFOPLIST_FILE = GameBaby/Info.plist;
				LD_RUNPATH_SEARCH_PATHS = (
					"$(inherited)",
					"@executable_path/Frameworks",
				);
				PRODUCT_BUNDLE_IDENTIFIER = com.MohammadMahjoub.GameBaby;
				PRODUCT_NAME = "$(TARGET_NAME)";
				SWIFT_VERSION = 4.0;
				TARGETED_DEVICE_FAMILY = "1,2";
			};
			name = Debug;
		};
		11D3E81920C8ACFD00B01CD4 /* Release */ = {
			isa = XCBuildConfiguration;
			buildSettings = {
				ASSETCATALOG_COMPILER_APPICON_NAME = AppIcon;
				CODE_SIGN_STYLE = Automatic;
				INFOPLIST_FILE = GameBaby/Info.plist;
				LD_RUNPATH_SEARCH_PATHS = (
					"$(inherited)",
					"@executable_path/Frameworks",
				);
				PRODUCT_BUNDLE_IDENTIFIER = com.MohammadMahjoub.GameBaby;
				PRODUCT_NAME = "$(TARGET_NAME)";
				SWIFT_VERSION = 4.0;
				TARGETED_DEVICE_FAMILY = "1,2";
			};
			name = Release;
		};
/* End XCBuildConfiguration section */

/* Begin XCConfigurationList section */
		11D3E7FA20C8ACFC00B01CD4 /* Build configuration list for PBXProject "GameBaby" */ = {
			isa = XCConfigurationList;
			buildConfigurations = (
				11D3E81520C8ACFD00B01CD4 /* Debug */,
				11D3E81620C8ACFD00B01CD4 /* Release */,
			);
			defaultConfigurationIsVisible = 0;
			defaultConfigurationName = Release;
		};
		11D3E81720C8ACFD00B01CD4 /* Build configuration list for PBXNativeTarget "GameBaby" */ = {
			isa = XCConfigurationList;
			buildConfigurations = (
				11D3E81820C8ACFD00B01CD4 /* Debug */,
				11D3E81920C8ACFD00B01CD4 /* Release */,
			);
			defaultConfigurationIsVisible = 0;
			defaultConfigurationName = Release;
		};
/* End XCConfigurationList section */
	};
	rootObject = 11D3E7F720C8ACFC00B01CD4 /* Project object */;
}
